
Microsoft Visual Studio Solution File, Format Version 12.00
# Visual Studio Version 16
VisualStudioVersion = 16.0.31624.102
MinimumVisualStudioVersion = 10.0.40219.1
Project("{8BC9CEB8-8B4A-11D0-8D11-00A0C91BC942}") = "USD Piggybank", "USD Piggybank\USD Piggybank.vcxproj", "{AF9801A0-9445-45B3-896E-07536EB4A67C}"
EndProject
Global
	GlobalSection(SolutionConfigurationPlatforms) = preSolution
		Debug|x64 = Debug|x64
		Debug|x86 = Debug|x86
		Release|x64 = Release|x64
		Release|x86 = Release|x86
	EndGlobalSection
	GlobalSection(ProjectConfigurationPlatforms) = postSolution
		{AF9801A0-9445-45B3-896E-07536EB4A67C}.Debug|x64.ActiveCfg = Debug|x64
		{AF9801A0-9445-45B3-896E-07536EB4A67C}.Debug|x64.Build.0 = Debug|x64
		{AF9801A0-9445-45B3-896E-07536EB4A67C}.Debug|x86.ActiveCfg = Debug|Win32
		{AF9801A0-9445-45B3-896E-07536EB4A67C}.Debug|x86.Build.0 = Debug|Win32
		{AF9801A0-9445-45B3-896E-07536EB4A67C}.Release|x64.ActiveCfg = Release|x64
		{AF9801A0-9445-45B3-896E-07536EB4A67C}.Release|x64.Build.0 = Release|x64
		{AF9801A0-9445-45B3-896E-07536EB4A67C}.Release|x86.ActiveCfg = Release|Win32
		{AF9801A0-9445-45B3-896E-07536EB4A67C}.Release|x86.Build.0 = Release|Win32
	EndGlobalSection
	GlobalSection(SolutionProperties) = preSolution
		HideSolutionNode = FALSE
	EndGlobalSection
	GlobalSection(ExtensibilityGlobals) = postSolution
		SolutionGuid = {0547C8C5-C88E-42DC-A652-E557C8E03D94}
	EndGlobalSection
EndGlobal
